
Microsoft Visual Studio Solution File, Format Version 12.00
# Visual Studio Version 17
VisualStudioVersion = 17.14.36811.4
MinimumVisualStudioVersion = 10.0.40219.1
Project("{FAE04EC0-301F-11D3-BF4B-00C04F79EFBC}") = "StudyMyWay", "StudyMyWay\StudyMyWay\StudyMyWay.csproj", "{18959C45-4455-456B-BB7C-2EED7BD2CBD3}"
EndProject
Project("{FAE04EC0-301F-11D3-BF4B-00C04F79EFBC}") = "StudyMyWay.Client", "StudyMyWay\StudyMyWay.Client\StudyMyWay.Client.csproj", "{23740A47-34A0-4F9D-929E-27FD106C31A6}"
EndProject
Global
	GlobalSection(SolutionConfigurationPlatforms) = preSolution
		Debug|Any CPU = Debug|Any CPU
		Release|Any CPU = Release|Any CPU
	EndGlobalSection
	GlobalSection(ProjectConfigurationPlatforms) = postSolution
		{18959C45-4455-456B-BB7C-2EED7BD2CBD3}.Debug|Any CPU.ActiveCfg = Debug|Any CPU
		{18959C45-4455-456B-BB7C-2EED7BD2CBD3}.Debug|Any CPU.Build.0 = Debug|Any CPU
		{18959C45-4455-456B-BB7C-2EED7BD2CBD3}.Release|Any CPU.ActiveCfg = Release|Any CPU
		{18959C45-4455-456B-BB7C-2EED7BD2CBD3}.Release|Any CPU.Build.0 = Release|Any CPU
		{23740A47-34A0-4F9D-929E-27FD106C31A6}.Debug|Any CPU.ActiveCfg = Debug|Any CPU
		{23740A47-34A0-4F9D-929E-27FD106C31A6}.Debug|Any CPU.Build.0 = Debug|Any CPU
		{23740A47-34A0-4F9D-929E-27FD106C31A6}.Release|Any CPU.ActiveCfg = Release|Any CPU
		{23740A47-34A0-4F9D-929E-27FD106C31A6}.Release|Any CPU.Build.0 = Release|Any CPU
	EndGlobalSection
	GlobalSection(SolutionProperties) = preSolution
		HideSolutionNode = FALSE
	EndGlobalSection
	GlobalSection(ExtensibilityGlobals) = postSolution
		SolutionGuid = {1AE4B788-447E-4D8B-B6A9-AE652AA91C12}
	EndGlobalSection
EndGlobal
